// !$*UTF8*$!
{
	archiveVersion = 1;
	classes = {
	};
	objectVersion = 77;
	objects = {

/* Begin PBXContainerItemProxy section */
		9CEABA762FF07C1B007EB4C3 /* PBXContainerItemProxy */ = {
			isa = PBXContainerItemProxy;
			containerPortal = 9CEABA602FF07C1A007EB4C3 /* Project object */;
			proxyType = 1;
			remoteGlobalIDString = 9CEABA672FF07C1A007EB4C3;
			remoteInfo = "golf swing analysis";
		};
		9CEABA802FF07C1B007EB4C3 /* PBXContainerItemProxy */ = {
			isa = PBXContainerItemProxy;
			containerPortal = 9CEABA602FF07C1A007EB4C3 /* Project object */;
			proxyType = 1;
			remoteGlobalIDString = 9CEABA672FF07C1A007EB4C3;
			remoteInfo = "golf swing analysis";
		};
/* End PBXContainerItemProxy section */

/* Begin PBXFileReference section */
		9CEABA682FF07C1A007EB4C3 /* golf swing analysis.app */ = {isa = PBXFileReference; explicitFileType = wrapper.application; includeInIndex = 0; path = "golf swing analysis.app"; sourceTree = BUILT_PRODUCTS_DIR; };
		9CEABA752FF07C1B007EB4C3 /* golf swing analysisTests.xctest */ = {isa = PBXFileReference; explicitFileType = wrapper.cfbundle; includeInIndex = 0; path = "golf swing analysisTests.xctest"; sourceTree = BUILT_PRODUCTS_DIR; };
		9CEABA7F2FF07C1B007EB4C3 /* golf swing analysisUITests.xctest */ = {isa = PBXFileReference; explicitFileType = wrapper.cfbundle; includeInIndex = 0; path = "golf swing analysisUITests.xctest"; sourceTree = BUILT_PRODUCTS_DIR; };
/* End PBXFileReference section */

/* Begin PBXFileSystemSynchronizedRootGroup section */
		9CEABA6A2FF07C1A007EB4C3 /* golf swing analysis */ = {
			isa = PBXFileSystemSynchronizedRootGroup;
			path = "golf swing analysis";
			sourceTree = "<group>";
		};
		9CEABA782FF07C1B007EB4C3 /* golf swing analysisTests */ = {
			isa = PBXFileSystemSynchronizedRootGroup;
			path = "golf swing analysisTests";
			sourceTree = "<group>";
		};
		9CEABA822FF07C1B007EB4C3 /* golf swing analysisUITests */ = {
			isa = PBXFileSystemSynchronizedRootGroup;
			path = "golf swing analysisUITests";
			sourceTree = "<group>";
		};
/* End PBXFileSystemSynchronizedRootGroup section */

/* Begin PBXFrameworksBuildPhase section */
		9CEABA652FF07C1A007EB4C3 /* Frameworks */ = {
			isa = PBXFrameworksBuildPhase;
			buildActionMask = 2147483647;
			files = (
			);
			runOnlyForDeploymentPostprocessing = 0;
		};
		9CEABA722FF07C1B007EB4C3 /* Frameworks */ = {
			isa = PBXFrameworksBuildPhase;
			buildActionMask = 2147483647;
			files = (
			);
			runOnlyForDeploymentPostprocessing = 0;
		};
		9CEABA7C2FF07C1B007EB4C3 /* Frameworks */ = {
			isa = PBXFrameworksBuildPhase;
			buildActionMask = 2147483647;
			files = (
			);
			runOnlyForDeploymentPostprocessing = 0;
		};
/* End PBXFrameworksBuildPhase section */

/* Begin PBXGroup section */
		9CEABA5F2FF07C1A007EB4C3 = {
			isa = PBXGroup;
			children = (
				9CEABA6A2FF07C1A007EB4C3 /* golf swing analysis */,
				9CEABA782FF07C1B007EB4C3 /* golf swing analysisTests */,
				9CEABA822FF07C1B007EB4C3 /* golf swing analysisUITests */,
				9CEABA692FF07C1A007EB4C3 /* Products */,
			);
			sourceTree = "<group>";
		};
		9CEABA692FF07C1A007EB4C3 /* Products */ = {
			isa = PBXGroup;
			children = (
				9CEABA682FF07C1A007EB4C3 /* golf swing analysis.app */,
				9CEABA752FF07C1B007EB4C3 /* golf swing analysisTests.xctest */,
				9CEABA7F2FF07C1B007EB4C3 /* golf swing analysisUITests.xctest */,
			);
			name = Products;
			sourceTree = "<group>";
		};
/* End PBXGroup section */

/* Begin PBXNativeTarget section */
		9CEABA672FF07C1A007EB4C3 /* golf swing analysis */ = {
			isa = PBXNativeTarget;
			buildConfigurationList = 9CEABA892FF07C1B007EB4C3 /* Build configuration list for PBXNativeTarget "golf swing analysis" */;
			buildPhases = (
				9CEABA642FF07C1A007EB4C3 /* Sources */,
				9CEABA652FF07C1A007EB4C3 /* Frameworks */,
				9CEABA662FF07C1A007EB4C3 /* Resources */,
			);
			buildRules = (
			);
			dependencies = (
			);
			fileSystemSynchronizedGroups = (
				9CEABA6A2FF07C1A007EB4C3 /* golf swing analysis */,
			);
			name = "golf swing analysis";
			packageProductDependencies = (
			);
			productName = "golf swing analysis";
			productReference = 9CEABA682FF07C1A007EB4C3 /* golf swing analysis.app */;
			productType = "com.apple.product-type.application";
		};
		9CEABA742FF07C1B007EB4C3 /* golf swing analysisTests */ = {
			isa = PBXNativeTarget;
			buildConfigurationList = 9CEABA8C2FF07C1B007EB4C3 /* Build configuration list for PBXNativeTarget "golf swing analysisTests" */;
			buildPhases = (
				9CEABA712FF07C1B007EB4C3 /* Sources */,
				9CEABA722FF07C1B007EB4C3 /* Frameworks */,
				9CEABA732FF07C1B007EB4C3 /* Resources */,
			);
			buildRules = (
			);
			dependencies = (
				9CEABA772FF07C1B007EB4C3 /* PBXTargetDependency */,
			);
			fileSystemSynchronizedGroups = (
				9CEABA782FF07C1B007EB4C3 /* golf swing analysisTests */,
			);
			name = "golf swing analysisTests";
			packageProductDependencies = (
			);
			productName = "golf swing analysisTests";
			productReference = 9CEABA752FF07C1B007EB4C3 /* golf swing analysisTests.xctest */;
			productType = "com.apple.product-type.bundle.unit-test";
		};
		9CEABA7E2FF07C1B007EB4C3 /* golf swing analysisUITests */ = {
			isa = PBXNativeTarget;
			buildConfigurationList = 9CEABA8F2FF07C1B007EB4C3 /* Build configuration list for PBXNativeTarget "golf swing analysisUITests" */;
			buildPhases = (
				9CEABA7B2FF07C1B007EB4C3 /* Sources */,
				9CEABA7C2FF07C1B007EB4C3 /* Frameworks */,
				9CEABA7D2FF07C1B007EB4C3 /* Resources */,
			);
			buildRules = (
			);
			dependencies = (
				9CEABA812FF07C1B007EB4C3 /* PBXTargetDependency */,
			);
			fileSystemSynchronizedGroups = (
				9CEABA822FF07C1B007EB4C3 /* golf swing analysisUITests */,
			);
			name = "golf swing analysisUITests";
			packageProductDependencies = (
			);
			productName = "golf swing analysisUITests";
			productReference = 9CEABA7F2FF07C1B007EB4C3 /* golf swing analysisUITests.xctest */;
			productType = "com.apple.product-type.bundle.ui-testing";
		};
/* End PBXNativeTarget section */

/* Begin PBXProject section */
		9CEABA602FF07C1A007EB4C3 /* Project object */ = {
			isa = PBXProject;
			attributes = {
				BuildIndependentTargetsInParallel = 1;
				LastSwiftUpdateCheck = 2660;
				LastUpgradeCheck = 2660;
				TargetAttributes = {
					9CEABA672FF07C1A007EB4C3 = {
						CreatedOnToolsVersion = 26.6;
					};
					9CEABA742FF07C1B007EB4C3 = {
						CreatedOnToolsVersion = 26.6;
						TestTargetID = 9CEABA672FF07C1A007EB4C3;
					};
					9CEABA7E2FF07C1B007EB4C3 = {
						CreatedOnToolsVersion = 26.6;
						TestTargetID = 9CEABA672FF07C1A007EB4C3;
					};
				};
			};
			buildConfigurationList = 9CEABA632FF07C1A007EB4C3 /* Build configuration list for PBXProject "golf swing analysis" */;
			developmentRegion = en;
			hasScannedForEncodings = 0;
			knownRegions = (
				en,
				Base,
			);
			mainGroup = 9CEABA5F2FF07C1A007EB4C3;
			minimizedProjectReferenceProxies = 1;
			preferredProjectObjectVersion = 77;
			productRefGroup = 9CEABA692FF07C1A007EB4C3 /* Products */;
			projectDirPath = "";
			projectRoot = "";
			targets = (
				9CEABA672FF07C1A007EB4C3 /* golf swing analysis */,
				9CEABA742FF07C1B007EB4C3 /* golf swing analysisTests */,
				9CEABA7E2FF07C1B007EB4C3 /* golf swing analysisUITests */,
			);
		};
/* End PBXProject section */

/* Begin PBXResourcesBuildPhase section */
		9CEABA662FF07C1A007EB4C3 /* Resources */ = {
			isa = PBXResourcesBuildPhase;
			buildActionMask = 2147483647;
			files = (
			);
			runOnlyForDeploymentPostprocessing = 0;
		};
		9CEABA732FF07C1B007EB4C3 /* Resources */ = {
			isa = PBXResourcesBuildPhase;
			buildActionMask = 2147483647;
			files = (
			);
			runOnlyForDeploymentPostprocessing = 0;
		};
		9CEABA7D2FF07C1B007EB4C3 /* Resources */ = {
			isa = PBXResourcesBuildPhase;
			buildActionMask = 2147483647;
			files = (
			);
			runOnlyForDeploymentPostprocessing = 0;
		};
/* End PBXResourcesBuildPhase section */

/* Begin PBXSourcesBuildPhase section */
		9CEABA642FF07C1A007EB4C3 /* Sources */ = {
			isa = PBXSourcesBuildPhase;
			buildActionMask = 2147483647;
			files = (
			);
			runOnlyForDeploymentPostprocessing = 0;
		};
		9CEABA712FF07C1B007EB4C3 /* Sources */ = {
			isa = PBXSourcesBuildPhase;
			buildActionMask = 2147483647;
			files = (
			);
			runOnlyForDeploymentPostprocessing = 0;
		};
		9CEABA7B2FF07C1B007EB4C3 /* Sources */ = {
			isa = PBXSourcesBuildPhase;
			buildActionMask = 2147483647;
			files = (
			);
			runOnlyForDeploymentPostprocessing = 0;
		};
/* End PBXSourcesBuildPhase section */

/* Begin PBXTargetDependency section */
		9CEABA772FF07C1B007EB4C3 /* PBXTargetDependency */ = {
			isa = PBXTargetDependency;
			target = 9CEABA672FF07C1A007EB4C3 /* golf swing analysis */;
			targetProxy = 9CEABA762FF07C1B007EB4C3 /* PBXContainerItemProxy */;
		};
		9CEABA812FF07C1B007EB4C3 /* PBXTargetDependency */ = {
			isa = PBXTargetDependency;
			target = 9CEABA672FF07C1A007EB4C3 /* golf swing analysis */;
			targetProxy = 9CEABA802FF07C1B007EB4C3 /* PBXContainerItemProxy */;
		};
/* End PBXTargetDependency section */

/* Begin XCBuildConfiguration section */
		9CEABA872FF07C1B007EB4C3 /* Debug */ = {
			isa = XCBuildConfiguration;
			buildSettings = {
				ALWAYS_SEARCH_USER_PATHS = NO;
				ASSETCATALOG_COMPILER_GENERATE_SWIFT_ASSET_SYMBOL_EXTENSIONS = YES;
				CLANG_ANALYZER_NONNULL = YES;
				CLANG_ANALYZER_NUMBER_OBJECT_CONVERSION = YES_AGGRESSIVE;
				CLANG_CXX_LANGUAGE_STANDARD = "gnu++20";
				CLANG_ENABLE_MODULES = YES;
				CLANG_ENABLE_OBJC_ARC = YES;
				CLANG_ENABLE_OBJC_WEAK = YES;
				CLANG_WARN_BLOCK_CAPTURE_AUTORELEASING = YES;
				CLANG_WARN_BOOL_CONVERSION = YES;
				CLANG_WARN_COMMA = YES;
				CLANG_WARN_CONSTANT_CONVERSION = YES;
				CLANG_WARN_DEPRECATED_OBJC_IMPLEMENTATIONS = YES;
				CLANG_WARN_DIRECT_OBJC_ISA_USAGE = YES_ERROR;
				CLANG_WARN_DOCUMENTATION_COMMENTS = YES;
				CLANG_WARN_EMPTY_BODY = YES;
				CLANG_WARN_ENUM_CONVERSION = YES;
				CLANG_WARN_INFINITE_RECURSION = YES;
				CLANG_WARN_INT_CONVERSION = YES;
				CLANG_WARN_NON_LITERAL_NULL_CONVERSION = YES;
				CLANG_WARN_OBJC_IMPLICIT_RETAIN_SELF = YES;
				CLANG_WARN_OBJC_LITERAL_CONVERSION = YES;
				CLANG_WARN_OBJC_ROOT_CLASS = YES_ERROR;
				CLANG_WARN_QUOTED_INCLUDE_IN_FRAMEWORK_HEADER = YES;
				CLANG_WARN_RANGE_LOOP_ANALYSIS = YES;
				CLANG_WARN_STRICT_PROTOTYPES = YES;
				CLANG_WARN_SUSPICIOUS_MOVE = YES;
				CLANG_WARN_UNGUARDED_AVAILABILITY = YES_AGGRESSIVE;
				CLANG_WARN_UNREACHABLE_CODE = YES;
				CLANG_WARN__DUPLICATE_METHOD_MATCH = YES;
				COPY_PHASE_STRIP = NO;
				DEBUG_INFORMATION_FORMAT = dwarf;
				DEVELOPMENT_TEAM = NLJ6XUD2LS;
				ENABLE_STRICT_OBJC_MSGSEND = YES;
				ENABLE_TESTABILITY = YES;
				ENABLE_USER_SCRIPT_SANDBOXING = YES;
				GCC_C_LANGUAGE_STANDARD = gnu17;
				GCC_DYNAMIC_NO_PIC = NO;
				GCC_NO_COMMON_BLOCKS = YES;
				GCC_OPTIMIZATION_LEVEL = 0;
				GCC_PREPROCESSOR_DEFINITIONS = (
					"DEBUG=1",
					"$(inherited)",
				);
				GCC_WARN_64_TO_32_BIT_CONVERSION = YES;
				GCC_WARN_ABOUT_RETURN_TYPE = YES_ERROR;
				GCC_WARN_UNDECLARED_SELECTOR = YES;
				GCC_WARN_UNINITIALIZED_AUTOS = YES_AGGRESSIVE;
				GCC_WARN_UNUSED_FUNCTION = YES;
				GCC_WARN_UNUSED_VARIABLE = YES;
				IPHONEOS_DEPLOYMENT_TARGET = 26.5;
				LOCALIZATION_PREFERS_STRING_CATALOGS = YES;
				MTL_ENABLE_DEBUG_INFO = INCLUDE_SOURCE;
				MTL_FAST_MATH = YES;
				ONLY_ACTIVE_ARCH = YES;
				SDKROOT = iphoneos;
				SWIFT_ACTIVE_COMPILATION_CONDITIONS = "DEBUG $(inherited)";
				SWIFT_OPTIMIZATION_LEVEL = "-Onone";
			};
			name = Debug;
		};
		9CEABA882FF07C1B007EB4C3 /* Release */ = {
			isa = XCBuildConfiguration;
			buildSettings = {
				ALWAYS_SEARCH_USER_PATHS = NO;
				ASSETCATALOG_COMPILER_GENERATE_SWIFT_ASSET_SYMBOL_EXTENSIONS = YES;
				CLANG_ANALYZER_NONNULL = YES;
				CLANG_ANALYZER_NUMBER_OBJECT_CONVERSION = YES_AGGRESSIVE;
				CLANG_CXX_LANGUAGE_STANDARD = "gnu++20";
				CLANG_ENABLE_MODULES = YES;
				CLANG_ENABLE_OBJC_ARC = YES;
				CLANG_ENABLE_OBJC_WEAK = YES;
				CLANG_WARN_BLOCK_CAPTURE_AUTORELEASING = YES;
				CLANG_WARN_BOOL_CONVERSION = YES;
				CLANG_WARN_COMMA = YES;
				CLANG_WARN_CONSTANT_CONVERSION = YES;
				CLANG_WARN_DEPRECATED_OBJC_IMPLEMENTATIONS = YES;
				CLANG_WARN_DIRECT_OBJC_ISA_USAGE = YES_ERROR;
				CLANG_WARN_DOCUMENTATION_COMMENTS = YES;
				CLANG_WARN_EMPTY_BODY = YES;
				CLANG_WARN_ENUM_CONVERSION = YES;
				CLANG_WARN_INFINITE_RECURSION = YES;
				CLANG_WARN_INT_CONVERSION = YES;
				CLANG_WARN_NON_LITERAL_NULL_CONVERSION = YES;
				CLANG_WARN_OBJC_IMPLICIT_RETAIN_SELF = YES;
				CLANG_WARN_OBJC_LITERAL_CONVERSION = YES;
				CLANG_WARN_OBJC_ROOT_CLASS = YES_ERROR;
				CLANG_WARN_QUOTED_INCLUDE_IN_FRAMEWORK_HEADER = YES;
				CLANG_WARN_RANGE_LOOP_ANALYSIS = YES;
				CLANG_WARN_STRICT_PROTOTYPES = YES;
				CLANG_WARN_SUSPICIOUS_MOVE = YES;
				CLANG_WARN_UNGUARDED_AVAILABILITY = YES_AGGRESSIVE;
				CLANG_WARN_UNREACHABLE_CODE = YES;
				CLANG_WARN__DUPLICATE_METHOD_MATCH = YES;
				COPY_PHASE_STRIP = NO;
				DEBUG_INFORMATION_FORMAT = "dwarf-with-dsym";
				DEVELOPMENT_TEAM = NLJ6XUD2LS;
				ENABLE_NS_ASSERTIONS = NO;
				ENABLE_STRICT_OBJC_MSGSEND = YES;
				ENABLE_USER_SCRIPT_SANDBOXING = YES;
				GCC_C_LANGUAGE_STANDARD = gnu17;
				GCC_NO_COMMON_BLOCKS = YES;
				GCC_WARN_64_TO_32_BIT_CONVERSION = YES;
				GCC_WARN_ABOUT_RETURN_TYPE = YES_ERROR;
				GCC_WARN_UNDECLARED_SELECTOR = YES;
				GCC_WARN_UNINITIALIZED_AUTOS = YES_AGGRESSIVE;
				GCC_WARN_UNUSED_FUNCTION = YES;
				GCC_WARN_UNUSED_VARIABLE = YES;
				IPHONEOS_DEPLOYMENT_TARGET = 26.5;
				LOCALIZATION_PREFERS_STRING_CATALOGS = YES;
				MTL_ENABLE_DEBUG_INFO = NO;
				MTL_FAST_MATH = YES;
				SDKROOT = iphoneos;
				SWIFT_COMPILATION_MODE = wholemodule;
				VALIDATE_PRODUCT = YES;
			};
			name = Release;
		};
		9CEABA8A2FF07C1B007EB4C3 /* Debug */ = {
			isa = XCBuildConfiguration;
			buildSettings = {
				ASSETCATALOG_COMPILER_APPICON_NAME = AppIcon;
				ASSETCATALOG_COMPILER_GLOBAL_ACCENT_COLOR_NAME = AccentColor;
				CODE_SIGN_STYLE = Automatic;
				CURRENT_PROJECT_VERSION = 1;
				DEVELOPMENT_TEAM = NLJ6XUD2LS;
				ENABLE_PREVIEWS = YES;
				GENERATE_INFOPLIST_FILE = YES;
				INFOPLIST_KEY_UIApplicationSceneManifest_Generation = YES;
				INFOPLIST_KEY_UIApplicationSupportsIndirectInputEvents = YES;
				INFOPLIST_KEY_UILaunchScreen_Generation = YES;
				INFOPLIST_KEY_UISupportedInterfaceOrientations_iPad = "UIInterfaceOrientationPortrait UIInterfaceOrientationPortraitUpsideDown UIInterfaceOrientationLandscapeLeft UIInterfaceOrientationLandscapeRight";
				INFOPLIST_KEY_UISupportedInterfaceOrientations_iPhone = "UIInterfaceOrientationPortrait UIInterfaceOrientationLandscapeLeft UIInterfaceOrientationLandscapeRight";
				LD_RUNPATH_SEARCH_PATHS = (
					"$(inherited)",
					"@executable_path/Frameworks",
				);
				MARKETING_VERSION = 1.0;
				PRODUCT_BUNDLE_IDENTIFIER = "io.analysis.golf-swing-analysis";
				PRODUCT_NAME = "$(TARGET_NAME)";
				STRING_CATALOG_GENERATE_SYMBOLS = YES;
				SWIFT_APPROACHABLE_CONCURRENCY = YES;
				SWIFT_DEFAULT_ACTOR_ISOLATION = MainActor;
				SWIFT_EMIT_LOC_STRINGS = YES;
				SWIFT_UPCOMING_FEATURE_MEMBER_IMPORT_VISIBILITY = YES;
				SWIFT_VERSION = 5.0;
				TARGETED_DEVICE_FAMILY = "1,2";
			};
			name = Debug;
		};
		9CEABA8B2FF07C1B007EB4C3 /* Release */ = {
			isa = XCBuildConfiguration;
			buildSettings = {
				ASSETCATALOG_COMPILER_APPICON_NAME = AppIcon;
				ASSETCATALOG_COMPILER_GLOBAL_ACCENT_COLOR_NAME = AccentColor;
				CODE_SIGN_STYLE = Automatic;
				CURRENT_PROJECT_VERSION = 1;
				DEVELOPMENT_TEAM = NLJ6XUD2LS;
				ENABLE_PREVIEWS = YES;
				GENERATE_INFOPLIST_FILE = YES;
				INFOPLIST_KEY_UIApplicationSceneManifest_Generation = YES;
				INFOPLIST_KEY_UIApplicationSupportsIndirectInputEvents = YES;
				INFOPLIST_KEY_UILaunchScreen_Generation = YES;
				INFOPLIST_KEY_UISupportedInterfaceOrientations_iPad = "UIInterfaceOrientationPortrait UIInterfaceOrientationPortraitUpsideDown UIInterfaceOrientationLandscapeLeft UIInterfaceOrientationLandscapeRight";
				INFOPLIST_KEY_UISupportedInterfaceOrientations_iPhone = "UIInterfaceOrientationPortrait UIInterfaceOrientationLandscapeLeft UIInterfaceOrientationLandscapeRight";
				LD_RUNPATH_SEARCH_PATHS = (
					"$(inherited)",
					"@executable_path/Frameworks",
				);
				MARKETING_VERSION = 1.0;
				PRODUCT_BUNDLE_IDENTIFIER = "io.analysis.golf-swing-analysis";
				PRODUCT_NAME = "$(TARGET_NAME)";
				STRING_CATALOG_GENERATE_SYMBOLS = YES;
				SWIFT_APPROACHABLE_CONCURRENCY = YES;
				SWIFT_DEFAULT_ACTOR_ISOLATION = MainActor;
				SWIFT_EMIT_LOC_STRINGS = YES;
				SWIFT_UPCOMING_FEATURE_MEMBER_IMPORT_VISIBILITY = YES;
				SWIFT_VERSION = 5.0;
				TARGETED_DEVICE_FAMILY = "1,2";
			};
			name = Release;
		};
		9CEABA8D2FF07C1B007EB4C3 /* Debug */ = {
			isa = XCBuildConfiguration;
			buildSettings = {
				BUNDLE_LOADER = "$(TEST_HOST)";
				CODE_SIGN_STYLE = Automatic;
				CURRENT_PROJECT_VERSION = 1;
				DEVELOPMENT_TEAM = NLJ6XUD2LS;
				GENERATE_INFOPLIST_FILE = YES;
				IPHONEOS_DEPLOYMENT_TARGET = 26.5;
				MARKETING_VERSION = 1.0;
				PRODUCT_BUNDLE_IDENTIFIER = "io.analysis.golf-swing-analysisTests";
				PRODUCT_NAME = "$(TARGET_NAME)";
				STRING_CATALOG_GENERATE_SYMBOLS = NO;
				SWIFT_APPROACHABLE_CONCURRENCY = YES;
				SWIFT_EMIT_LOC_STRINGS = NO;
				SWIFT_UPCOMING_FEATURE_MEMBER_IMPORT_VISIBILITY = YES;
				SWIFT_VERSION = 5.0;
				TARGETED_DEVICE_FAMILY = "1,2";
				TEST_HOST = "$(BUILT_PRODUCTS_DIR)/golf swing analysis.app/$(BUNDLE_EXECUTABLE_FOLDER_PATH)/golf swing analysis";
			};
			name = Debug;
		};
		9CEABA8E2FF07C1B007EB4C3 /* Release */ = {
			isa = XCBuildConfiguration;
			buildSettings = {
				BUNDLE_LOADER = "$(TEST_HOST)";
				CODE_SIGN_STYLE = Automatic;
				CURRENT_PROJECT_VERSION = 1;
				DEVELOPMENT_TEAM = NLJ6XUD2LS;
				GENERATE_INFOPLIST_FILE = YES;
				IPHONEOS_DEPLOYMENT_TARGET = 26.5;
				MARKETING_VERSION = 1.0;
				PRODUCT_BUNDLE_IDENTIFIER = "io.analysis.golf-swing-analysisTests";
				PRODUCT_NAME = "$(TARGET_NAME)";
				STRING_CATALOG_GENERATE_SYMBOLS = NO;
				SWIFT_APPROACHABLE_CONCURRENCY = YES;
				SWIFT_EMIT_LOC_STRINGS = NO;
				SWIFT_UPCOMING_FEATURE_MEMBER_IMPORT_VISIBILITY = YES;
				SWIFT_VERSION = 5.0;
				TARGETED_DEVICE_FAMILY = "1,2";
				TEST_HOST = "$(BUILT_PRODUCTS_DIR)/golf swing analysis.app/$(BUNDLE_EXECUTABLE_FOLDER_PATH)/golf swing analysis";
			};
			name = Release;
		};
		9CEABA902FF07C1B007EB4C3 /* Debug */ = {
			isa = XCBuildConfiguration;
			buildSettings = {
				CODE_SIGN_STYLE = Automatic;
				CURRENT_PROJECT_VERSION = 1;
				DEVELOPMENT_TEAM = NLJ6XUD2LS;
				GENERATE_INFOPLIST_FILE = YES;
				MARKETING_VERSION = 1.0;
				PRODUCT_BUNDLE_IDENTIFIER = "io.analysis.golf-swing-analysisUITests";
				PRODUCT_NAME = "$(TARGET_NAME)";
				STRING_CATALOG_GENERATE_SYMBOLS = NO;
				SWIFT_APPROACHABLE_CONCURRENCY = YES;
				SWIFT_EMIT_LOC_STRINGS = NO;
				SWIFT_UPCOMING_FEATURE_MEMBER_IMPORT_VISIBILITY = YES;
				SWIFT_VERSION = 5.0;
				TARGETED_DEVICE_FAMILY = "1,2";
				TEST_TARGET_NAME = "golf swing analysis";
			};
			name = Debug;
		};
		9CEABA912FF07C1B007EB4C3 /* Release */ = {
			isa = XCBuildConfiguration;
			buildSettings = {
				CODE_SIGN_STYLE = Automatic;
				CURRENT_PROJECT_VERSION = 1;
				DEVELOPMENT_TEAM = NLJ6XUD2LS;
				GENERATE_INFOPLIST_FILE = YES;
				MARKETING_VERSION = 1.0;
				PRODUCT_BUNDLE_IDENTIFIER = "io.analysis.golf-swing-analysisUITests";
				PRODUCT_NAME = "$(TARGET_NAME)";
				STRING_CATALOG_GENERATE_SYMBOLS = NO;
				SWIFT_APPROACHABLE_CONCURRENCY = YES;
				SWIFT_EMIT_LOC_STRINGS = NO;
				SWIFT_UPCOMING_FEATURE_MEMBER_IMPORT_VISIBILITY = YES;
				SWIFT_VERSION = 5.0;
				TARGETED_DEVICE_FAMILY = "1,2";
				TEST_TARGET_NAME = "golf swing analysis";
			};
			name = Release;
		};
/* End XCBuildConfiguration section */

/* Begin XCConfigurationList section */
		9CEABA632FF07C1A007EB4C3 /* Build configuration list for PBXProject "golf swing analysis" */ = {
			isa = XCConfigurationList;
			buildConfigurations = (
				9CEABA872FF07C1B007EB4C3 /* Debug */,
				9CEABA882FF07C1B007EB4C3 /* Release */,
			);
			defaultConfigurationIsVisible = 0;
			defaultConfigurationName = Release;
		};
		9CEABA892FF07C1B007EB4C3 /* Build configuration list for PBXNativeTarget "golf swing analysis" */ = {
			isa = XCConfigurationList;
			buildConfigurations = (
				9CEABA8A2FF07C1B007EB4C3 /* Debug */,
				9CEABA8B2FF07C1B007EB4C3 /* Release */,
			);
			defaultConfigurationIsVisible = 0;
			defaultConfigurationName = Release;
		};
		9CEABA8C2FF07C1B007EB4C3 /* Build configuration list for PBXNativeTarget "golf swing analysisTests" */ = {
			isa = XCConfigurationList;
			buildConfigurations = (
				9CEABA8D2FF07C1B007EB4C3 /* Debug */,
				9CEABA8E2FF07C1B007EB4C3 /* Release */,
			);
			defaultConfigurationIsVisible = 0;
			defaultConfigurationName = Release;
		};
		9CEABA8F2FF07C1B007EB4C3 /* Build configuration list for PBXNativeTarget "golf swing analysisUITests" */ = {
			isa = XCConfigurationList;
			buildConfigurations = (
				9CEABA902FF07C1B007EB4C3 /* Debug */,
				9CEABA912FF07C1B007EB4C3 /* Release */,
			);
			defaultConfigurationIsVisible = 0;
			defaultConfigurationName = Release;
		};
/* End XCConfigurationList section */
	};
	rootObject = 9CEABA602FF07C1A007EB4C3 /* Project object */;
}
